
Microsoft Visual Studio Solution File, Format Version 12.00
# Visual Studio Version 16
VisualStudioVersion = 16.0.28729.10
MinimumVisualStudioVersion = 10.0.40219.1
Project("{9A19103F-16F7-4668-BE54-9A1E7A4F7556}") = "AdventOfCode2018", "AdventOfCode2018\AdventOfCode2018.csproj", "{082A8C5B-FFC1-4B4D-A280-4CA14D9FE46B}"
EndProject
Project("{9A19103F-16F7-4668-BE54-9A1E7A4F7556}") = "AdventOfCode2018.Tests", "AdventOfCode2018.Tests\AdventOfCode2018.Tests.csproj", "{BD2AFE13-A605-4C8E-90A2-AD92CDE69538}"
EndProject
Project("{9A19103F-16F7-4668-BE54-9A1E7A4F7556}") = "AdventOfCode", "AdventOfCode\AdventOfCode.csproj", "{7384DB3F-ED01-478B-82C9-2393AF9531F8}"
EndProject
Project("{9A19103F-16F7-4668-BE54-9A1E7A4F7556}") = "AdventOfCode.Common", "AdventOfCode.Common\AdventOfCode.Common.csproj", "{353D431C-5839-44B0-9928-5EE184934A49}"
EndProject
Project("{FAE04EC0-301F-11D3-BF4B-00C04F79EFBC}") = "AdventOfCodeTemplate", "AdventOfCodeTemplate\AdventOfCodeTemplate.csproj", "{FB3728B5-C8D8-4D66-9850-E5ADAAE1F5E9}"
EndProject
Project("{FAE04EC0-301F-11D3-BF4B-00C04F79EFBC}") = "AdventOfCode2016", "AdventOfCode2016\AdventOfCode2016.csproj", "{E3F01AE5-9C69-42B5-B4C8-F6FBA3D76542}"
EndProject
Global
	GlobalSection(SolutionConfigurationPlatforms) = preSolution
		Debug|Any CPU = Debug|Any CPU
		Release|Any CPU = Release|Any CPU
	EndGlobalSection
	GlobalSection(ProjectConfigurationPlatforms) = postSolution
		{082A8C5B-FFC1-4B4D-A280-4CA14D9FE46B}.Debug|Any CPU.ActiveCfg = Debug|Any CPU
		{082A8C5B-FFC1-4B4D-A280-4CA14D9FE46B}.Debug|Any CPU.Build.0 = Debug|Any CPU
		{082A8C5B-FFC1-4B4D-A280-4CA14D9FE46B}.Release|Any CPU.ActiveCfg = Release|Any CPU
		{082A8C5B-FFC1-4B4D-A280-4CA14D9FE46B}.Release|Any CPU.Build.0 = Release|Any CPU
		{BD2AFE13-A605-4C8E-90A2-AD92CDE69538}.Debug|Any CPU.ActiveCfg = Debug|Any CPU
		{BD2AFE13-A605-4C8E-90A2-AD92CDE69538}.Debug|Any CPU.Build.0 = Debug|Any CPU
		{BD2AFE13-A605-4C8E-90A2-AD92CDE69538}.Release|Any CPU.ActiveCfg = Release|Any CPU
		{BD2AFE13-A605-4C8E-90A2-AD92CDE69538}.Release|Any CPU.Build.0 = Release|Any CPU
		{7384DB3F-ED01-478B-82C9-2393AF9531F8}.Debug|Any CPU.ActiveCfg = Debug|Any CPU
		{7384DB3F-ED01-478B-82C9-2393AF9531F8}.Debug|Any CPU.Build.0 = Debug|Any CPU
		{7384DB3F-ED01-478B-82C9-2393AF9531F8}.Release|Any CPU.ActiveCfg = Release|Any CPU
		{7384DB3F-ED01-478B-82C9-2393AF9531F8}.Release|Any CPU.Build.0 = Release|Any CPU
		{353D431C-5839-44B0-9928-5EE184934A49}.Debug|Any CPU.ActiveCfg = Debug|Any CPU
		{353D431C-5839-44B0-9928-5EE184934A49}.Debug|Any CPU.Build.0 = Debug|Any CPU
		{353D431C-5839-44B0-9928-5EE184934A49}.Release|Any CPU.ActiveCfg = Release|Any CPU
		{353D431C-5839-44B0-9928-5EE184934A49}.Release|Any CPU.Build.0 = Release|Any CPU
		{FB3728B5-C8D8-4D66-9850-E5ADAAE1F5E9}.Debug|Any CPU.ActiveCfg = Debug|Any CPU
		{FB3728B5-C8D8-4D66-9850-E5ADAAE1F5E9}.Debug|Any CPU.Build.0 = Debug|Any CPU
		{FB3728B5-C8D8-4D66-9850-E5ADAAE1F5E9}.Release|Any CPU.ActiveCfg = Release|Any CPU
		{FB3728B5-C8D8-4D66-9850-E5ADAAE1F5E9}.Release|Any CPU.Build.0 = Release|Any CPU
		{E3F01AE5-9C69-42B5-B4C8-F6FBA3D76542}.Debug|Any CPU.ActiveCfg = Debug|Any CPU
		{E3F01AE5-9C69-42B5-B4C8-F6FBA3D76542}.Debug|Any CPU.Build.0 = Debug|Any CPU
		{E3F01AE5-9C69-42B5-B4C8-F6FBA3D76542}.Release|Any CPU.ActiveCfg = Release|Any CPU
		{E3F01AE5-9C69-42B5-B4C8-F6FBA3D76542}.Release|Any CPU.Build.0 = Release|Any CPU
	EndGlobalSection
	GlobalSection(SolutionProperties) = preSolution
		HideSolutionNode = FALSE
	EndGlobalSection
	GlobalSection(ExtensibilityGlobals) = postSolution
		SolutionGuid = {1A15CE3B-41D9-45EB-985A-139875D16E7D}
	EndGlobalSection
EndGlobal
